// !$*UTF8*$!
{
	archiveVersion = 1;
	classes = {
	};
	objectVersion = 50;
	objects = {

/* Begin PBXBuildFile section */
		1703BD58250C9A7E00116190 /* MKPointAnnotation-Codable.swift in Sources */ = {isa = PBXBuildFile; fileRef = 1703BD57250C9A7E00116190 /* MKPointAnnotation-Codable.swift */; };
		175944B82505F504003C730F /* AppDelegate.swift in Sources */ = {isa = PBXBuildFile; fileRef = 175944B72505F504003C730F /* AppDelegate.swift */; };
		175944BA2505F504003C730F /* SceneDelegate.swift in Sources */ = {isa = PBXBuildFile; fileRef = 175944B92505F504003C730F /* SceneDelegate.swift */; };
		175944BD2505F504003C730F /* BucketList.xcdatamodeld in Sources */ = {isa = PBXBuildFile; fileRef = 175944BB2505F504003C730F /* BucketList.xcdatamodeld */; };
		175944BF2505F504003C730F /* ContentView.swift in Sources */ = {isa = PBXBuildFile; fileRef = 175944BE2505F504003C730F /* ContentView.swift */; };
		175944C12505F508003C730F /* Assets.xcassets in Resources */ = {isa = PBXBuildFile; fileRef = 175944C02505F508003C730F /* Assets.xcassets */; };
		175944C42505F508003C730F /* Preview Assets.xcassets in Resources */ = {isa = PBXBuildFile; fileRef = 175944C32505F508003C730F /* Preview Assets.xcassets */; };
		175944C72505F508003C730F /* LaunchScreen.storyboard in Resources */ = {isa = PBXBuildFile; fileRef = 175944C52505F508003C730F /* LaunchScreen.storyboard */; };
		179E1BA4250B5214007F572B /* MKPointAnnotation-ObserableObject.swift in Sources */ = {isa = PBXBuildFile; fileRef = 179E1BA3250B5214007F572B /* MKPointAnnotation-ObserableObject.swift */; };
		179E1BA6250B534E007F572B /* EditView.swift in Sources */ = {isa = PBXBuildFile; fileRef = 179E1BA5250B534E007F572B /* EditView.swift */; };
		179E1BA8250B56CE007F572B /* Result.swift in Sources */ = {isa = PBXBuildFile; fileRef = 179E1BA7250B56CE007F572B /* Result.swift */; };
		17C5CD732508C3BD005803EE /* MapView.swift in Sources */ = {isa = PBXBuildFile; fileRef = 17C5CD722508C3BD005803EE /* MapView.swift */; };
/* End PBXBuildFile section */

/* Begin PBXFileReference section */
		1703BD57250C9A7E00116190 /* MKPointAnnotation-Codable.swift */ = {isa = PBXFileReference; lastKnownFileType = sourcecode.swift; path = "MKPointAnnotation-Codable.swift"; sourceTree = "<group>"; };
		175944B42505F504003C730F /* BucketList.app */ = {isa = PBXFileReference; explicitFileType = wrapper.application; includeInIndex = 0; path = BucketList.app; sourceTree = BUILT_PRODUCTS_DIR; };
		175944B72505F504003C730F /* AppDelegate.swift */ = {isa = PBXFileReference; lastKnownFileType = sourcecode.swift; path = AppDelegate.swift; sourceTree = "<group>"; };
		175944B92505F504003C730F /* SceneDelegate.swift */ = {isa = PBXFileReference; lastKnownFileType = sourcecode.swift; path = SceneDelegate.swift; sourceTree = "<group>"; };
		175944BC2505F504003C730F /* BucketList.xcdatamodel */ = {isa = PBXFileReference; lastKnownFileType = wrapper.xcdatamodel; path = BucketList.xcdatamodel; sourceTree = "<group>"; };
		175944BE2505F504003C730F /* ContentView.swift */ = {isa = PBXFileReference; lastKnownFileType = sourcecode.swift; path = ContentView.swift; sourceTree = "<group>"; };
		175944C02505F508003C730F /* Assets.xcassets */ = {isa = PBXFileReference; lastKnownFileType = folder.assetcatalog; path = Assets.xcassets; sourceTree = "<group>"; };
		175944C32505F508003C730F /* Preview Assets.xcassets */ = {isa = PBXFileReference; lastKnownFileType = folder.assetcatalog; path = "Preview Assets.xcassets"; sourceTree = "<group>"; };
		175944C62505F508003C730F /* Base */ = {isa = PBXFileReference; lastKnownFileType = file.storyboard; name = Base; path = Base.lproj/LaunchScreen.storyboard; sourceTree = "<group>"; };
		175944C82505F508003C730F /* Info.plist */ = {isa = PBXFileReference; lastKnownFileType = text.plist.xml; path = Info.plist; sourceTree = "<group>"; };
		179E1BA3250B5214007F572B /* MKPointAnnotation-ObserableObject.swift */ = {isa = PBXFileReference; lastKnownFileType = sourcecode.swift; path = "MKPointAnnotation-ObserableObject.swift"; sourceTree = "<group>"; };
		179E1BA5250B534E007F572B /* EditView.swift */ = {isa = PBXFileReference; lastKnownFileType = sourcecode.swift; path = EditView.swift; sourceTree = "<group>"; };
		179E1BA7250B56CE007F572B /* Result.swift */ = {isa = PBXFileReference; lastKnownFileType = sourcecode.swift; path = Result.swift; sourceTree = "<group>"; };
		17C5CD722508C3BD005803EE /* MapView.swift */ = {isa = PBXFileReference; lastKnownFileType = sourcecode.swift; path = MapView.swift; sourceTree = "<group>"; };
/* End PBXFileReference section */

/* Begin PBXFrameworksBuildPhase section */
		175944B12505F504003C730F /* Frameworks */ = {
			isa = PBXFrameworksBuildPhase;
			buildActionMask = 2147483647;
			files = (
			);
			runOnlyForDeploymentPostprocessing = 0;
		};
/* End PBXFrameworksBuildPhase section */

/* Begin PBXGroup section */
		175944AB2505F504003C730F = {
			isa = PBXGroup;
			children = (
				175944B62505F504003C730F /* BucketList */,
				175944B52505F504003C730F /* Products */,
			);
			sourceTree = "<group>";
		};
		175944B52505F504003C730F /* Products */ = {
			isa = PBXGroup;
			children = (
				175944B42505F504003C730F /* BucketList.app */,
			);
			name = Products;
			sourceTree = "<group>";
		};
		175944B62505F504003C730F /* BucketList */ = {
			isa = PBXGroup;
			children = (
				175944B72505F504003C730F /* AppDelegate.swift */,
				175944B92505F504003C730F /* SceneDelegate.swift */,
				175944BE2505F504003C730F /* ContentView.swift */,
				179E1BA7250B56CE007F572B /* Result.swift */,
				17C5CD722508C3BD005803EE /* MapView.swift */,
				1703BD57250C9A7E00116190 /* MKPointAnnotation-Codable.swift */,
				179E1BA3250B5214007F572B /* MKPointAnnotation-ObserableObject.swift */,
				179E1BA5250B534E007F572B /* EditView.swift */,
				175944C02505F508003C730F /* Assets.xcassets */,
				175944C52505F508003C730F /* LaunchScreen.storyboard */,
				175944C82505F508003C730F /* Info.plist */,
				175944BB2505F504003C730F /* BucketList.xcdatamodeld */,
				175944C22505F508003C730F /* Preview Content */,
			);
			path = BucketList;
			sourceTree = "<group>";
		};
		175944C22505F508003C730F /* Preview Content */ = {
			isa = PBXGroup;
			children = (
				175944C32505F508003C730F /* Preview Assets.xcassets */,
			);
			path = "Preview Content";
			sourceTree = "<group>";
		};
/* End PBXGroup section */

/* Begin PBXNativeTarget section */
		175944B32505F504003C730F /* BucketList */ = {
			isa = PBXNativeTarget;
			buildConfigurationList = 175944CB2505F508003C730F /* Build configuration list for PBXNativeTarget "BucketList" */;
			buildPhases = (
				175944B02505F504003C730F /* Sources */,
				175944B12505F504003C730F /* Frameworks */,
				175944B22505F504003C730F /* Resources */,
			);
			buildRules = (
			);
			dependencies = (
			);
			name = BucketList;
			productName = BucketList;
			productReference = 175944B42505F504003C730F /* BucketList.app */;
			productType = "com.apple.product-type.application";
		};
/* End PBXNativeTarget section */

/* Begin PBXProject section */
		175944AC2505F504003C730F /* Project object */ = {
			isa = PBXProject;
			attributes = {
				LastSwiftUpdateCheck = 1170;
				LastUpgradeCheck = 1170;
				ORGANIZATIONNAME = "Chloe Fermanis";
				TargetAttributes = {
					175944B32505F504003C730F = {
						CreatedOnToolsVersion = 11.7;
					};
				};
			};
			buildConfigurationList = 175944AF2505F504003C730F /* Build configuration list for PBXProject "BucketList" */;
			compatibilityVersion = "Xcode 9.3";
			developmentRegion = en;
			hasScannedForEncodings = 0;
			knownRegions = (
				en,
				Base,
			);
			mainGroup = 175944AB2505F504003C730F;
			productRefGroup = 175944B52505F504003C730F /* Products */;
			projectDirPath = "";
			projectRoot = "";
			targets = (
				175944B32505F504003C730F /* BucketList */,
			);
		};
/* End PBXProject section */

/* Begin PBXResourcesBuildPhase section */
		175944B22505F504003C730F /* Resources */ = {
			isa = PBXResourcesBuildPhase;
			buildActionMask = 2147483647;
			files = (
				175944C72505F508003C730F /* LaunchScreen.storyboard in Resources */,
				175944C42505F508003C730F /* Preview Assets.xcassets in Resources */,
				175944C12505F508003C730F /* Assets.xcassets in Resources */,
			);
			runOnlyForDeploymentPostprocessing = 0;
		};
/* End PBXResourcesBuildPhase section */

/* Begin PBXSourcesBuildPhase section */
		175944B02505F504003C730F /* Sources */ = {
			isa = PBXSourcesBuildPhase;
			buildActionMask = 2147483647;
			files = (
				175944B82505F504003C730F /* AppDelegate.swift in Sources */,
				175944BD2505F504003C730F /* BucketList.xcdatamodeld in Sources */,
				179E1BA8250B56CE007F572B /* Result.swift in Sources */,
				179E1BA4250B5214007F572B /* MKPointAnnotation-ObserableObject.swift in Sources */,
				17C5CD732508C3BD005803EE /* MapView.swift in Sources */,
				179E1BA6250B534E007F572B /* EditView.swift in Sources */,
				1703BD58250C9A7E00116190 /* MKPointAnnotation-Codable.swift in Sources */,
				175944BF2505F504003C730F /* ContentView.swift in Sources */,
				175944BA2505F504003C730F /* SceneDelegate.swift in Sources */,
			);
			runOnlyForDeploymentPostprocessing = 0;
		};
/* End PBXSourcesBuildPhase section */

/* Begin PBXVariantGroup section */
		175944C52505F508003C730F /* LaunchScreen.storyboard */ = {
			isa = PBXVariantGroup;
			children = (
				175944C62505F508003C730F /* Base */,
			);
			name = LaunchScreen.storyboard;
			sourceTree = "<group>";
		};
/* End PBXVariantGroup section */

/* Begin XCBuildConfiguration section */
		175944C92505F508003C730F /* Debug */ = {
			isa = XCBuildConfiguration;
			buildSettings = {
				ALWAYS_SEARCH_USER_PATHS = NO;
				CLANG_ANALYZER_NONNULL = YES;
				CLANG_ANALYZER_NUMBER_OBJECT_CONVERSION = YES_AGGRESSIVE;
				CLANG_CXX_LANGUAGE_STANDARD = "gnu++14";
				CLANG_CXX_LIBRARY = "libc++";
				CLANG_ENABLE_MODULES = YES;
				CLANG_ENABLE_OBJC_ARC = YES;
				CLANG_ENABLE_OBJC_WEAK = YES;
				CLANG_WARN_BLOCK_CAPTURE_AUTORELEASING = YES;
				CLANG_WARN_BOOL_CONVERSION = YES;
				CLANG_WARN_COMMA = YES;
				CLANG_WARN_CONSTANT_CONVERSION = YES;
				CLANG_WARN_DEPRECATED_OBJC_IMPLEMENTATIONS = YES;
				CLANG_WARN_DIRECT_OBJC_ISA_USAGE = YES_ERROR;
				CLANG_WARN_DOCUMENTATION_COMMENTS = YES;
				CLANG_WARN_EMPTY_BODY = YES;
				CLANG_WARN_ENUM_CONVERSION = YES;
				CLANG_WARN_INFINITE_RECURSION = YES;
				CLANG_WARN_INT_CONVERSION = YES;
				CLANG_WARN_NON_LITERAL_NULL_CONVERSION = YES;
				CLANG_WARN_OBJC_IMPLICIT_RETAIN_SELF = YES;
				CLANG_WARN_OBJC_LITERAL_CONVERSION = YES;
				CLANG_WARN_OBJC_ROOT_CLASS = YES_ERROR;
				CLANG_WARN_RANGE_LOOP_ANALYSIS = YES;
				CLANG_WARN_STRICT_PROTOTYPES = YES;
				CLANG_WARN_SUSPICIOUS_MOVE = YES;
				CLANG_WARN_UNGUARDED_AVAILABILITY = YES_AGGRESSIVE;
				CLANG_WARN_UNREACHABLE_CODE = YES;
				CLANG_WARN__DUPLICATE_METHOD_MATCH = YES;
				COPY_PHASE_STRIP = NO;
				DEBUG_INFORMATION_FORMAT = dwarf;
				ENABLE_STRICT_OBJC_MSGSEND = YES;
				ENABLE_TESTABILITY = YES;
				GCC_C_LANGUAGE_STANDARD = gnu11;
				GCC_DYNAMIC_NO_PIC = NO;
				GCC_NO_COMMON_BLOCKS = YES;
				GCC_OPTIMIZATION_LEVEL = 0;
				GCC_PREPROCESSOR_DEFINITIONS = (
					"DEBUG=1",
					"$(inherited)",
				);
				GCC_WARN_64_TO_32_BIT_CONVERSION = YES;
				GCC_WARN_ABOUT_RETURN_TYPE = YES_ERROR;
				GCC_WARN_UNDECLARED_SELECTOR = YES;
				GCC_WARN_UNINITIALIZED_AUTOS = YES_AGGRESSIVE;
				GCC_WARN_UNUSED_FUNCTION = YES;
				GCC_WARN_UNUSED_VARIABLE = YES;
				IPHONEOS_DEPLOYMENT_TARGET = 13.7;
				MTL_ENABLE_DEBUG_INFO = INCLUDE_SOURCE;
				MTL_FAST_MATH = YES;
				ONLY_ACTIVE_ARCH = YES;
				SDKROOT = iphoneos;
				SWIFT_ACTIVE_COMPILATION_CONDITIONS = DEBUG;
				SWIFT_OPTIMIZATION_LEVEL = "-Onone";
			};
			name = Debug;
		};
		175944CA2505F508003C730F /* Release */ = {
			isa = XCBuildConfiguration;
			buildSettings = {
				ALWAYS_SEARCH_USER_PATHS = NO;
				CLANG_ANALYZER_NONNULL = YES;
				CLANG_ANALYZER_NUMBER_OBJECT_CONVERSION = YES_AGGRESSIVE;
				CLANG_CXX_LANGUAGE_STANDARD = "gnu++14";
				CLANG_CXX_LIBRARY = "libc++";
				CLANG_ENABLE_MODULES = YES;
				CLANG_ENABLE_OBJC_ARC = YES;
				CLANG_ENABLE_OBJC_WEAK = YES;
				CLANG_WARN_BLOCK_CAPTURE_AUTORELEASING = YES;
				CLANG_WARN_BOOL_CONVERSION = YES;
				CLANG_WARN_COMMA = YES;
				CLANG_WARN_CONSTANT_CONVERSION = YES;
				CLANG_WARN_DEPRECATED_OBJC_IMPLEMENTATIONS = YES;
				CLANG_WARN_DIRECT_OBJC_ISA_USAGE = YES_ERROR;
				CLANG_WARN_DOCUMENTATION_COMMENTS = YES;
				CLANG_WARN_EMPTY_BODY = YES;
				CLANG_WARN_ENUM_CONVERSION = YES;
				CLANG_WARN_INFINITE_RECURSION = YES;
				CLANG_WARN_INT_CONVERSION = YES;
				CLANG_WARN_NON_LITERAL_NULL_CONVERSION = YES;
				CLANG_WARN_OBJC_IMPLICIT_RETAIN_SELF = YES;
				CLANG_WARN_OBJC_LITERAL_CONVERSION = YES;
				CLANG_WARN_OBJC_ROOT_CLASS = YES_ERROR;
				CLANG_WARN_RANGE_LOOP_ANALYSIS = YES;
				CLANG_WARN_STRICT_PROTOTYPES = YES;
				CLANG_WARN_SUSPICIOUS_MOVE = YES;
				CLANG_WARN_UNGUARDED_AVAILABILITY = YES_AGGRESSIVE;
				CLANG_WARN_UNREACHABLE_CODE = YES;
				CLANG_WARN__DUPLICATE_METHOD_MATCH = YES;
				COPY_PHASE_STRIP = NO;
				DEBUG_INFORMATION_FORMAT = "dwarf-with-dsym";
				ENABLE_NS_ASSERTIONS = NO;
				ENABLE_STRICT_OBJC_MSGSEND = YES;
				GCC_C_LANGUAGE_STANDARD = gnu11;
				GCC_NO_COMMON_BLOCKS = YES;
				GCC_WARN_64_TO_32_BIT_CONVERSION = YES;
				GCC_WARN_ABOUT_RETURN_TYPE = YES_ERROR;
				GCC_WARN_UNDECLARED_SELECTOR = YES;
				GCC_WARN_UNINITIALIZED_AUTOS = YES_AGGRESSIVE;
				GCC_WARN_UNUSED_FUNCTION = YES;
				GCC_WARN_UNUSED_VARIABLE = YES;
				IPHONEOS_DEPLOYMENT_TARGET = 13.7;
				MTL_ENABLE_DEBUG_INFO = NO;
				MTL_FAST_MATH = YES;
				SDKROOT = iphoneos;
				SWIFT_COMPILATION_MODE = wholemodule;
				SWIFT_OPTIMIZATION_LEVEL = "-O";
				VALIDATE_PRODUCT = YES;
			};
			name = Release;
		};
		175944CC2505F508003C730F /* Debug */ = {
			isa = XCBuildConfiguration;
			buildSettings = {
				ASSETCATALOG_COMPILER_APPICON_NAME = AppIcon;
				CODE_SIGN_STYLE = Automatic;
				DEVELOPMENT_ASSET_PATHS = "\"BucketList/Preview Content\"";
				DEVELOPMENT_TEAM = ZBVTD3H3K4;
				ENABLE_PREVIEWS = YES;
				INFOPLIST_FILE = BucketList/Info.plist;
				LD_RUNPATH_SEARCH_PATHS = (
					"$(inherited)",
					"@executable_path/Frameworks",
				);
				PRODUCT_BUNDLE_IDENTIFIER = co.chloefermanis.BucketList;
				PRODUCT_NAME = "$(TARGET_NAME)";
				SWIFT_VERSION = 5.0;
				TARGETED_DEVICE_FAMILY = "1,2";
			};
			name = Debug;
		};
		175944CD2505F508003C730F /* Release */ = {
			isa = XCBuildConfiguration;
			buildSettings = {
				ASSETCATALOG_COMPILER_APPICON_NAME = AppIcon;
				CODE_SIGN_STYLE = Automatic;
				DEVELOPMENT_ASSET_PATHS = "\"BucketList/Preview Content\"";
				DEVELOPMENT_TEAM = ZBVTD3H3K4;
				ENABLE_PREVIEWS = YES;
				INFOPLIST_FILE = BucketList/Info.plist;
				LD_RUNPATH_SEARCH_PATHS = (
					"$(inherited)",
					"@executable_path/Frameworks",
				);
				PRODUCT_BUNDLE_IDENTIFIER = co.chloefermanis.BucketList;
				PRODUCT_NAME = "$(TARGET_NAME)";
				SWIFT_VERSION = 5.0;
				TARGETED_DEVICE_FAMILY = "1,2";
			};
			name = Release;
		};
/* End XCBuildConfiguration section */

/* Begin XCConfigurationList section */
		175944AF2505F504003C730F /* Build configuration list for PBXProject "BucketList" */ = {
			isa = XCConfigurationList;
			buildConfigurations = (
				175944C92505F508003C730F /* Debug */,
				175944CA2505F508003C730F /* Release */,
			);
			defaultConfigurationIsVisible = 0;
			defaultConfigurationName = Release;
		};
		175944CB2505F508003C730F /* Build configuration list for PBXNativeTarget "BucketList" */ = {
			isa = XCConfigurationList;
			buildConfigurations = (
				175944CC2505F508003C730F /* Debug */,
				175944CD2505F508003C730F /* Release */,
			);
			defaultConfigurationIsVisible = 0;
			defaultConfigurationName = Release;
		};
/* End XCConfigurationList section */

/* Begin XCVersionGroup section */
		175944BB2505F504003C730F /* BucketList.xcdatamodeld */ = {
			isa = XCVersionGroup;
			children = (
				175944BC2505F504003C730F /* BucketList.xcdatamodel */,
			);
			currentVersion = 175944BC2505F504003C730F /* BucketList.xcdatamodel */;
			path = BucketList.xcdatamodeld;
			sourceTree = "<group>";
			versionGroupType = wrapper.xcdatamodel;
		};
/* End XCVersionGroup section */
	};
	rootObject = 175944AC2505F504003C730F /* Project object */;
}
